
Microsoft Visual Studio Solution File, Format Version 12.00
# Visual Studio Version 16
VisualStudioVersion = 16.0.33927.289
MinimumVisualStudioVersion = 10.0.40219.1
Project("{2150E333-8FDC-42A3-9474-1A3956D46DE8}") = "Task0", "Task0", "{8623AB34-1E57-4AF3-B407-DC4F08CE4D03}"
EndProject
Project("{FAE04EC0-301F-11D3-BF4B-00C04F79EFBC}") = "Tyuiu.ZakharovaYV.Sprint4.Task0.V8", "Tyuiu.ZakharovaYV.Sprint4.Task0.V8\Tyuiu.ZakharovaYV.Sprint4.Task0.V8.csproj", "{F848A6B8-4272-4372-B110-05781EB313DF}"
EndProject
Project("{FAE04EC0-301F-11D3-BF4B-00C04F79EFBC}") = "Tyuiu.ZakharovaYV.Sprint4.Task0.V8.Test", "Tyuiu.ZakharovaYV.Sprint4.Task0.V8.Test\Tyuiu.ZakharovaYV.Sprint4.Task0.V8.Test.csproj", "{EC45637C-B280-4A4E-A542-9028856CCF46}"
EndProject
Project("{FAE04EC0-301F-11D3-BF4B-00C04F79EFBC}") = "Tyuiu.ZakharovaYV.Sprint4.Task0.V8.Lib", "Tyuiu.ZakharovaYV.Sprint4.Task0.V8.Lib\Tyuiu.ZakharovaYV.Sprint4.Task0.V8.Lib.csproj", "{877FA732-C74E-4349-B393-250A44F3DA1C}"
EndProject
Project("{2150E333-8FDC-42A3-9474-1A3956D46DE8}") = "Task1", "Task1", "{EAA70591-D439-4EE9-B2B3-39515F772EEE}"
EndProject
Project("{FAE04EC0-301F-11D3-BF4B-00C04F79EFBC}") = "Tyuiu.ZakharovaYV.Sprint4.Task1.V7", "Tyuiu.ZakharovaYV.Sprint4.Task1.V7\Tyuiu.ZakharovaYV.Sprint4.Task1.V7.csproj", "{72A3CCF8-962C-4075-99C0-5734F4506A80}"
EndProject
Project("{FAE04EC0-301F-11D3-BF4B-00C04F79EFBC}") = "Tyuiu.ZakharovaYV.Sprint4.Task1.V7.Test", "Tyuiu.ZakharovaYV.Sprint4.Task1.V7.Test\Tyuiu.ZakharovaYV.Sprint4.Task1.V7.Test.csproj", "{EBE7AEE3-E506-4BB3-A307-8F558895C96B}"
EndProject
Project("{FAE04EC0-301F-11D3-BF4B-00C04F79EFBC}") = "Tyuiu.ZakharovaYV.Sprint4.Task1.V7.Lib", "Tyuiu.ZakharovaYV.Sprint4.Task1.V7.Lib\Tyuiu.ZakharovaYV.Sprint4.Task1.V7.Lib.csproj", "{E895AD9A-1D44-45A3-9A94-FF2C67A9F401}"
EndProject
Project("{2150E333-8FDC-42A3-9474-1A3956D46DE8}") = "Task2", "Task2", "{3E24B98D-D8E1-4EC1-AD07-B852FA541FC5}"
EndProject
Project("{FAE04EC0-301F-11D3-BF4B-00C04F79EFBC}") = "Tyuiu.ZakharovaYV.Sprint4.Task2.V20", "Tyuiu.ZakharovaYV.Sprint4.Task2.V20\Tyuiu.ZakharovaYV.Sprint4.Task2.V20.csproj", "{98127B4A-4A52-4A2B-995A-1BE8F9D4A4B7}"
EndProject
Project("{FAE04EC0-301F-11D3-BF4B-00C04F79EFBC}") = "Tyuiu.ZakharovaYV.Sprint4.Task2.V20.Test", "Tyuiu.ZakharovaYV.Sprint4.Task2.V20.Test\Tyuiu.ZakharovaYV.Sprint4.Task2.V20.Test.csproj", "{55C69EB8-F2F1-4898-86D4-190A70766EA8}"
EndProject
Project("{FAE04EC0-301F-11D3-BF4B-00C04F79EFBC}") = "Tyuiu.ZakharovaYV.Sprint4.Task2.V20.Lib", "Tyuiu.ZakharovaYV.Sprint4.Task2.V20.Lib\Tyuiu.ZakharovaYV.Sprint4.Task2.V20.Lib.csproj", "{39B02492-7F0E-46D3-9920-3046F3B2B9E7}"
EndProject
Project("{2150E333-8FDC-42A3-9474-1A3956D46DE8}") = "Task3", "Task3", "{47B1EC4F-AF2D-4DBD-A3CE-ED5A4A628D27}"
EndProject
Project("{FAE04EC0-301F-11D3-BF4B-00C04F79EFBC}") = "Tyuiu.ZakharovaYV.Sprint4.Task3.V24", "Tyuiu.ZakharovaYV.Sprint4.Task3.V24\Tyuiu.ZakharovaYV.Sprint4.Task3.V24.csproj", "{F5E3C3C4-487F-4B85-9E38-155D37E1F68F}"
EndProject
Project("{FAE04EC0-301F-11D3-BF4B-00C04F79EFBC}") = "Tyuiu.ZakharovaYV.Sprint4.Task3.V24.Test", "Tyuiu.ZakharovaYV.Sprint4.Task3.V24.Test\Tyuiu.ZakharovaYV.Sprint4.Task3.V24.Test.csproj", "{DA0A20BE-961E-4797-BAB4-9854035727D6}"
EndProject
Project("{FAE04EC0-301F-11D3-BF4B-00C04F79EFBC}") = "Tyuiu.ZakharovaYV.Sprint4.Task3.V24.Lib", "Tyuiu.ZakharovaYV.Sprint4.Task3.V24.Lib\Tyuiu.ZakharovaYV.Sprint4.Task3.V24.Lib.csproj", "{D22169C0-F681-4C25-9339-E2C2DE09A8FE}"
EndProject
Project("{2150E333-8FDC-42A3-9474-1A3956D46DE8}") = "Task4", "Task4", "{0407D432-5C77-4BFF-AF0A-1AF4EA1B22E1}"
EndProject
Project("{FAE04EC0-301F-11D3-BF4B-00C04F79EFBC}") = "Tyuiu.ZakharovaYV.Sprint4.Task4.V20", "Tyuiu.ZakharovaYV.Sprint4.Task4.V20\Tyuiu.ZakharovaYV.Sprint4.Task4.V20.csproj", "{F01422F4-7F9B-4458-ACB7-CD865FDC1D4E}"
EndProject
Project("{FAE04EC0-301F-11D3-BF4B-00C04F79EFBC}") = "Tyuiu.ZakharovaYV.Sprint4.Task4.V20.Test", "Tyuiu.ZakharovaYV.Sprint4.Task4.V20.Test\Tyuiu.ZakharovaYV.Sprint4.Task4.V20.Test.csproj", "{39690024-298B-41F1-8055-9D7E2FA8F763}"
EndProject
Project("{FAE04EC0-301F-11D3-BF4B-00C04F79EFBC}") = "Tyuiu.ZakharovaYV.Sprint4.Task4.V20.Lib", "Tyuiu.ZakharovaYV.Sprint4.Task4.V20.Lib\Tyuiu.ZakharovaYV.Sprint4.Task4.V20.Lib.csproj", "{BC58D4C8-4E21-46F2-B11A-9F9C4799BFDC}"
EndProject
Project("{2150E333-8FDC-42A3-9474-1A3956D46DE8}") = "Task5", "Task5", "{C84D3186-1746-4056-9D57-C72BE0830593}"
EndProject
Project("{FAE04EC0-301F-11D3-BF4B-00C04F79EFBC}") = "Tyuiu.ZakharovaYV.Sprint4.Task5.V28", "Tyuiu.ZakharovaYV.Sprint4.Task5.V28\Tyuiu.ZakharovaYV.Sprint4.Task5.V28.csproj", "{1C9E8C4D-1723-4FA8-ABC8-713A22048B61}"
EndProject
Project("{FAE04EC0-301F-11D3-BF4B-00C04F79EFBC}") = "Tyuiu.ZakharovaYV.Sprint4.Task5.V28.Test", "Tyuiu.ZakharovaYV.Sprint4.Task5.V28.Test\Tyuiu.ZakharovaYV.Sprint4.Task5.V28.Test.csproj", "{33472184-9A4D-462F-BBE3-E98A42FB9B1D}"
EndProject
Project("{FAE04EC0-301F-11D3-BF4B-00C04F79EFBC}") = "Tyuiu.ZakharovaYV.Sprint4.Task5.V28.Lib", "Tyuiu.ZakharovaYV.Sprint4.Task5.V28.Lib\Tyuiu.ZakharovaYV.Sprint4.Task5.V28.Lib.csproj", "{A607D18B-7A49-43AD-9625-7D6B59C36E45}"
EndProject
Global
	GlobalSection(SolutionConfigurationPlatforms) = preSolution
		Debug|Any CPU = Debug|Any CPU
		Release|Any CPU = Release|Any CPU
	EndGlobalSection
	GlobalSection(ProjectConfigurationPlatforms) = postSolution
		{F848A6B8-4272-4372-B110-05781EB313DF}.Debug|Any CPU.ActiveCfg = Debug|Any CPU
		{F848A6B8-4272-4372-B110-05781EB313DF}.Debug|Any CPU.Build.0 = Debug|Any CPU
		{F848A6B8-4272-4372-B110-05781EB313DF}.Release|Any CPU.ActiveCfg = Release|Any CPU
		{F848A6B8-4272-4372-B110-05781EB313DF}.Release|Any CPU.Build.0 = Release|Any CPU
		{EC45637C-B280-4A4E-A542-9028856CCF46}.Debug|Any CPU.ActiveCfg = Debug|Any CPU
		{EC45637C-B280-4A4E-A542-9028856CCF46}.Debug|Any CPU.Build.0 = Debug|Any CPU
		{EC45637C-B280-4A4E-A542-9028856CCF46}.Release|Any CPU.ActiveCfg = Release|Any CPU
		{EC45637C-B280-4A4E-A542-9028856CCF46}.Release|Any CPU.Build.0 = Release|Any CPU
		{877FA732-C74E-4349-B393-250A44F3DA1C}.Debug|Any CPU.ActiveCfg = Debug|Any CPU
		{877FA732-C74E-4349-B393-250A44F3DA1C}.Debug|Any CPU.Build.0 = Debug|Any CPU
		{877FA732-C74E-4349-B393-250A44F3DA1C}.Release|Any CPU.ActiveCfg = Release|Any CPU
		{877FA732-C74E-4349-B393-250A44F3DA1C}.Release|Any CPU.Build.0 = Release|Any CPU
		{72A3CCF8-962C-4075-99C0-5734F4506A80}.Debug|Any CPU.ActiveCfg = Debug|Any CPU
		{72A3CCF8-962C-4075-99C0-5734F4506A80}.Debug|Any CPU.Build.0 = Debug|Any CPU
		{72A3CCF8-962C-4075-99C0-5734F4506A80}.Release|Any CPU.ActiveCfg = Release|Any CPU
		{72A3CCF8-962C-4075-99C0-5734F4506A80}.Release|Any CPU.Build.0 = Release|Any CPU
		{EBE7AEE3-E506-4BB3-A307-8F558895C96B}.Debug|Any CPU.ActiveCfg = Debug|Any CPU
		{EBE7AEE3-E506-4BB3-A307-8F558895C96B}.Debug|Any CPU.Build.0 = Debug|Any CPU
		{EBE7AEE3-E506-4BB3-A307-8F558895C96B}.Release|Any CPU.ActiveCfg = Release|Any CPU
		{EBE7AEE3-E506-4BB3-A307-8F558895C96B}.Release|Any CPU.Build.0 = Release|Any CPU
		{E895AD9A-1D44-45A3-9A94-FF2C67A9F401}.Debug|Any CPU.ActiveCfg = Debug|Any CPU
		{E895AD9A-1D44-45A3-9A94-FF2C67A9F401}.Debug|Any CPU.Build.0 = Debug|Any CPU
		{E895AD9A-1D44-45A3-9A94-FF2C67A9F401}.Release|Any CPU.ActiveCfg = Release|Any CPU
		{E895AD9A-1D44-45A3-9A94-FF2C67A9F401}.Release|Any CPU.Build.0 = Release|Any CPU
		{98127B4A-4A52-4A2B-995A-1BE8F9D4A4B7}.Debug|Any CPU.ActiveCfg = Debug|Any CPU
		{98127B4A-4A52-4A2B-995A-1BE8F9D4A4B7}.Debug|Any CPU.Build.0 = Debug|Any CPU
		{98127B4A-4A52-4A2B-995A-1BE8F9D4A4B7}.Release|Any CPU.ActiveCfg = Release|Any CPU
		{98127B4A-4A52-4A2B-995A-1BE8F9D4A4B7}.Release|Any CPU.Build.0 = Release|Any CPU
		{55C69EB8-F2F1-4898-86D4-190A70766EA8}.Debug|Any CPU.ActiveCfg = Debug|Any CPU
		{55C69EB8-F2F1-4898-86D4-190A70766EA8}.Debug|Any CPU.Build.0 = Debug|Any CPU
		{55C69EB8-F2F1-4898-86D4-190A70766EA8}.Release|Any CPU.ActiveCfg = Release|Any CPU
		{55C69EB8-F2F1-4898-86D4-190A70766EA8}.Release|Any CPU.Build.0 = Release|Any CPU
		{39B02492-7F0E-46D3-9920-3046F3B2B9E7}.Debug|Any CPU.ActiveCfg = Debug|Any CPU
		{39B02492-7F0E-46D3-9920-3046F3B2B9E7}.Debug|Any CPU.Build.0 = Debug|Any CPU
		{39B02492-7F0E-46D3-9920-3046F3B2B9E7}.Release|Any CPU.ActiveCfg = Release|Any CPU
		{39B02492-7F0E-46D3-9920-3046F3B2B9E7}.Release|Any CPU.Build.0 = Release|Any CPU
		{F5E3C3C4-487F-4B85-9E38-155D37E1F68F}.Debug|Any CPU.ActiveCfg = Debug|Any CPU
		{F5E3C3C4-487F-4B85-9E38-155D37E1F68F}.Debug|Any CPU.Build.0 = Debug|Any CPU
		{F5E3C3C4-487F-4B85-9E38-155D37E1F68F}.Release|Any CPU.ActiveCfg = Release|Any CPU
		{F5E3C3C4-487F-4B85-9E38-155D37E1F68F}.Release|Any CPU.Build.0 = Release|Any CPU
		{DA0A20BE-961E-4797-BAB4-9854035727D6}.Debug|Any CPU.ActiveCfg = Debug|Any CPU
		{DA0A20BE-961E-4797-BAB4-9854035727D6}.Debug|Any CPU.Build.0 = Debug|Any CPU
		{DA0A20BE-961E-4797-BAB4-9854035727D6}.Release|Any CPU.ActiveCfg = Release|Any CPU
		{DA0A20BE-961E-4797-BAB4-9854035727D6}.Release|Any CPU.Build.0 = Release|Any CPU
		{D22169C0-F681-4C25-9339-E2C2DE09A8FE}.Debug|Any CPU.ActiveCfg = Debug|Any CPU
		{D22169C0-F681-4C25-9339-E2C2DE09A8FE}.Debug|Any CPU.Build.0 = Debug|Any CPU
		{D22169C0-F681-4C25-9339-E2C2DE09A8FE}.Release|Any CPU.ActiveCfg = Release|Any CPU
		{D22169C0-F681-4C25-9339-E2C2DE09A8FE}.Release|Any CPU.Build.0 = Release|Any CPU
		{F01422F4-7F9B-4458-ACB7-CD865FDC1D4E}.Debug|Any CPU.ActiveCfg = Debug|Any CPU
		{F01422F4-7F9B-4458-ACB7-CD865FDC1D4E}.Debug|Any CPU.Build.0 = Debug|Any CPU
		{F01422F4-7F9B-4458-ACB7-CD865FDC1D4E}.Release|Any CPU.ActiveCfg = Release|Any CPU
		{F01422F4-7F9B-4458-ACB7-CD865FDC1D4E}.Release|Any CPU.Build.0 = Release|Any CPU
		{39690024-298B-41F1-8055-9D7E2FA8F763}.Debug|Any CPU.ActiveCfg = Debug|Any CPU
		{39690024-298B-41F1-8055-9D7E2FA8F763}.Debug|Any CPU.Build.0 = Debug|Any CPU
		{39690024-298B-41F1-8055-9D7E2FA8F763}.Release|Any CPU.ActiveCfg = Release|Any CPU
		{39690024-298B-41F1-8055-9D7E2FA8F763}.Release|Any CPU.Build.0 = Release|Any CPU
		{BC58D4C8-4E21-46F2-B11A-9F9C4799BFDC}.Debug|Any CPU.ActiveCfg = Debug|Any CPU
		{BC58D4C8-4E21-46F2-B11A-9F9C4799BFDC}.Debug|Any CPU.Build.0 = Debug|Any CPU
		{BC58D4C8-4E21-46F2-B11A-9F9C4799BFDC}.Release|Any CPU.ActiveCfg = Release|Any CPU
		{BC58D4C8-4E21-46F2-B11A-9F9C4799BFDC}.Release|Any CPU.Build.0 = Release|Any CPU
		{1C9E8C4D-1723-4FA8-ABC8-713A22048B61}.Debug|Any CPU.ActiveCfg = Debug|Any CPU
		{1C9E8C4D-1723-4FA8-ABC8-713A22048B61}.Debug|Any CPU.Build.0 = Debug|Any CPU
		{1C9E8C4D-1723-4FA8-ABC8-713A22048B61}.Release|Any CPU.ActiveCfg = Release|Any CPU
		{1C9E8C4D-1723-4FA8-ABC8-713A22048B61}.Release|Any CPU.Build.0 = Release|Any CPU
		{33472184-9A4D-462F-BBE3-E98A42FB9B1D}.Debug|Any CPU.ActiveCfg = Debug|Any CPU
		{33472184-9A4D-462F-BBE3-E98A42FB9B1D}.Debug|Any CPU.Build.0 = Debug|Any CPU
		{33472184-9A4D-462F-BBE3-E98A42FB9B1D}.Release|Any CPU.ActiveCfg = Release|Any CPU
		{33472184-9A4D-462F-BBE3-E98A42FB9B1D}.Release|Any CPU.Build.0 = Release|Any CPU
		{A607D18B-7A49-43AD-9625-7D6B59C36E45}.Debug|Any CPU.ActiveCfg = Debug|Any CPU
		{A607D18B-7A49-43AD-9625-7D6B59C36E45}.Debug|Any CPU.Build.0 = Debug|Any CPU
		{A607D18B-7A49-43AD-9625-7D6B59C36E45}.Release|Any CPU.ActiveCfg = Release|Any CPU
		{A607D18B-7A49-43AD-9625-7D6B59C36E45}.Release|Any CPU.Build.0 = Release|Any CPU
	EndGlobalSection
	GlobalSection(SolutionProperties) = preSolution
		HideSolutionNode = FALSE
	EndGlobalSection
	GlobalSection(NestedProjects) = preSolution
		{F848A6B8-4272-4372-B110-05781EB313DF} = {8623AB34-1E57-4AF3-B407-DC4F08CE4D03}
		{EC45637C-B280-4A4E-A542-9028856CCF46} = {8623AB34-1E57-4AF3-B407-DC4F08CE4D03}
		{877FA732-C74E-4349-B393-250A44F3DA1C} = {8623AB34-1E57-4AF3-B407-DC4F08CE4D03}
		{72A3CCF8-962C-4075-99C0-5734F4506A80} = {EAA70591-D439-4EE9-B2B3-39515F772EEE}
		{EBE7AEE3-E506-4BB3-A307-8F558895C96B} = {EAA70591-D439-4EE9-B2B3-39515F772EEE}
		{E895AD9A-1D44-45A3-9A94-FF2C67A9F401} = {EAA70591-D439-4EE9-B2B3-39515F772EEE}
		{98127B4A-4A52-4A2B-995A-1BE8F9D4A4B7} = {3E24B98D-D8E1-4EC1-AD07-B852FA541FC5}
		{55C69EB8-F2F1-4898-86D4-190A70766EA8} = {3E24B98D-D8E1-4EC1-AD07-B852FA541FC5}
		{39B02492-7F0E-46D3-9920-3046F3B2B9E7} = {3E24B98D-D8E1-4EC1-AD07-B852FA541FC5}
		{F5E3C3C4-487F-4B85-9E38-155D37E1F68F} = {47B1EC4F-AF2D-4DBD-A3CE-ED5A4A628D27}
		{DA0A20BE-961E-4797-BAB4-9854035727D6} = {47B1EC4F-AF2D-4DBD-A3CE-ED5A4A628D27}
		{D22169C0-F681-4C25-9339-E2C2DE09A8FE} = {47B1EC4F-AF2D-4DBD-A3CE-ED5A4A628D27}
		{F01422F4-7F9B-4458-ACB7-CD865FDC1D4E} = {0407D432-5C77-4BFF-AF0A-1AF4EA1B22E1}
		{39690024-298B-41F1-8055-9D7E2FA8F763} = {0407D432-5C77-4BFF-AF0A-1AF4EA1B22E1}
		{BC58D4C8-4E21-46F2-B11A-9F9C4799BFDC} = {0407D432-5C77-4BFF-AF0A-1AF4EA1B22E1}
		{1C9E8C4D-1723-4FA8-ABC8-713A22048B61} = {C84D3186-1746-4056-9D57-C72BE0830593}
		{33472184-9A4D-462F-BBE3-E98A42FB9B1D} = {C84D3186-1746-4056-9D57-C72BE0830593}
		{A607D18B-7A49-43AD-9625-7D6B59C36E45} = {C84D3186-1746-4056-9D57-C72BE0830593}
	EndGlobalSection
	GlobalSection(ExtensibilityGlobals) = postSolution
		SolutionGuid = {DD925A50-2176-4B2A-96DA-0DD988FC184E}
	EndGlobalSection
EndGlobal
